
Microsoft Visual Studio Solution File, Format Version 12.00
# Visual Studio Version 17
VisualStudioVersion = 17.0.31903.59
MinimumVisualStudioVersion = 10.0.40219.1
Project("{FAE04EC0-301F-11D3-BF4B-00C04F79EFBC}") = "LeetCodeCSharp", "LeetCodeCSharp\LeetCodeCSharp.csproj", "{8382E755-D727-4B17-9774-BFA0EA1FED7F}"
EndProject
Project("{FAE04EC0-301F-11D3-BF4B-00C04F79EFBC}") = "LeetCodeCSharp.Tests", "LeetCodeCSharp.Tests\LeetCodeCSharp.Tests.csproj", "{37A9931C-EB68-4DAD-8F14-69D1F724176D}"
EndProject
Global
	GlobalSection(SolutionConfigurationPlatforms) = preSolution
		Debug|Any CPU = Debug|Any CPU
		Release|Any CPU = Release|Any CPU
	EndGlobalSection
	GlobalSection(ProjectConfigurationPlatforms) = postSolution
		{8382E755-D727-4B17-9774-BFA0EA1FED7F}.Debug|Any CPU.ActiveCfg = Debug|Any CPU
		{8382E755-D727-4B17-9774-BFA0EA1FED7F}.Debug|Any CPU.Build.0 = Debug|Any CPU
		{8382E755-D727-4B17-9774-BFA0EA1FED7F}.Release|Any CPU.ActiveCfg = Release|Any CPU
		{8382E755-D727-4B17-9774-BFA0EA1FED7F}.Release|Any CPU.Build.0 = Release|Any CPU
		{37A9931C-EB68-4DAD-8F14-69D1F724176D}.Debug|Any CPU.ActiveCfg = Debug|Any CPU
		{37A9931C-EB68-4DAD-8F14-69D1F724176D}.Debug|Any CPU.Build.0 = Debug|Any CPU
		{37A9931C-EB68-4DAD-8F14-69D1F724176D}.Release|Any CPU.ActiveCfg = Release|Any CPU
		{37A9931C-EB68-4DAD-8F14-69D1F724176D}.Release|Any CPU.Build.0 = Release|Any CPU
	EndGlobalSection
EndGlobal
